
Microsoft Visual Studio Solution File, Format Version 12.00
# Visual Studio Version 17
VisualStudioVersion = 17.0.31919.166
MinimumVisualStudioVersion = 10.0.40219.1
Project("{FAE04EC0-301F-11D3-BF4B-00C04F79EFBC}") = "Solicitor", "Solicitor\Solicitor.csproj", "{0A6F872C-A300-417A-8C25-C9D939FB828A}"
EndProject
Global
	GlobalSection(SolutionConfigurationPlatforms) = preSolution
		Debug|Any CPU = Debug|Any CPU
		Release|Any CPU = Release|Any CPU
	EndGlobalSection
	GlobalSection(ProjectConfigurationPlatforms) = postSolution
		{0A6F872C-A300-417A-8C25-C9D939FB828A}.Debug|Any CPU.ActiveCfg = Debug|Any CPU
		{0A6F872C-A300-417A-8C25-C9D939FB828A}.Debug|Any CPU.Build.0 = Debug|Any CPU
		{0A6F872C-A300-417A-8C25-C9D939FB828A}.Release|Any CPU.ActiveCfg = Release|Any CPU
		{0A6F872C-A300-417A-8C25-C9D939FB828A}.Release|Any CPU.Build.0 = Release|Any CPU
	EndGlobalSection
	GlobalSection(SolutionProperties) = preSolution
		HideSolutionNode = FALSE
	EndGlobalSection
	GlobalSection(ExtensibilityGlobals) = postSolution
		SolutionGuid = {BDC4929B-83CB-4285-A9BC-CA2F4FC22A0B}
	EndGlobalSection
EndGlobal
